// !$*UTF8*$!
{
	archiveVersion = 1;
	classes = {
	};
	objectVersion = 56;
	objects = {

/* Begin PBXBuildFile section */
		360EBA4E296A2C10001EC729 /* WeatherAPI.swift in Sources */ = {isa = PBXBuildFile; fileRef = 360EBA4D296A2C10001EC729 /* WeatherAPI.swift */; };
		360EBA56296A5388001EC729 /* ErrorAlert.swift in Sources */ = {isa = PBXBuildFile; fileRef = 360EBA55296A5388001EC729 /* ErrorAlert.swift */; };
		360EBA58296A5C7E001EC729 /* ServerTask.swift in Sources */ = {isa = PBXBuildFile; fileRef = 360EBA57296A5C7E001EC729 /* ServerTask.swift */; };
		3625CE1E296A283800D09A8F /* Globals.swift in Sources */ = {isa = PBXBuildFile; fileRef = 3625CE1D296A283800D09A8F /* Globals.swift */; };
		36C131B829805B8E0076E476 /* AsyncMux.framework in Frameworks */ = {isa = PBXBuildFile; fileRef = 36C131B729805B8E0076E476 /* AsyncMux.framework */; };
		36C131B929805B8E0076E476 /* AsyncMux.framework in Embed Frameworks */ = {isa = PBXBuildFile; fileRef = 36C131B729805B8E0076E476 /* AsyncMux.framework */; settings = {ATTRIBUTES = (CodeSignOnCopy, RemoveHeadersOnCopy, ); }; };
		36FB7010296A10F90006ACBA /* AsyncMuxDemoApp.swift in Sources */ = {isa = PBXBuildFile; fileRef = 36FB700F296A10F90006ACBA /* AsyncMuxDemoApp.swift */; };
		36FB7012296A10F90006ACBA /* ContentView.swift in Sources */ = {isa = PBXBuildFile; fileRef = 36FB7011296A10F90006ACBA /* ContentView.swift */; };
		36FB7014296A10FB0006ACBA /* Assets.xcassets in Resources */ = {isa = PBXBuildFile; fileRef = 36FB7013296A10FB0006ACBA /* Assets.xcassets */; };
		36FB7017296A10FB0006ACBA /* Preview Assets.xcassets in Resources */ = {isa = PBXBuildFile; fileRef = 36FB7016296A10FB0006ACBA /* Preview Assets.xcassets */; };
		36FB701E296A12D20006ACBA /* URLRequestEx.swift in Sources */ = {isa = PBXBuildFile; fileRef = 36FB701D296A12D20006ACBA /* URLRequestEx.swift */; };
		36FB7020296A14400006ACBA /* AppError.swift in Sources */ = {isa = PBXBuildFile; fileRef = 36FB701F296A14400006ACBA /* AppError.swift */; };
/* End PBXBuildFile section */

/* Begin PBXCopyFilesBuildPhase section */
		36C131B629805B7C0076E476 /* Embed Frameworks */ = {
			isa = PBXCopyFilesBuildPhase;
			buildActionMask = 2147483647;
			dstPath = "";
			dstSubfolderSpec = 10;
			files = (
				36C131B929805B8E0076E476 /* AsyncMux.framework in Embed Frameworks */,
			);
			name = "Embed Frameworks";
			runOnlyForDeploymentPostprocessing = 0;
		};
/* End PBXCopyFilesBuildPhase section */

/* Begin PBXFileReference section */
		360EBA4C296A2AA9001EC729 /* Info.plist */ = {isa = PBXFileReference; lastKnownFileType = text.plist; path = Info.plist; sourceTree = "<group>"; };
		360EBA4D296A2C10001EC729 /* WeatherAPI.swift */ = {isa = PBXFileReference; lastKnownFileType = sourcecode.swift; path = WeatherAPI.swift; sourceTree = "<group>"; };
		360EBA55296A5388001EC729 /* ErrorAlert.swift */ = {isa = PBXFileReference; lastKnownFileType = sourcecode.swift; path = ErrorAlert.swift; sourceTree = "<group>"; };
		360EBA57296A5C7E001EC729 /* ServerTask.swift */ = {isa = PBXFileReference; lastKnownFileType = sourcecode.swift; path = ServerTask.swift; sourceTree = "<group>"; };
		3625CE1D296A283800D09A8F /* Globals.swift */ = {isa = PBXFileReference; lastKnownFileType = sourcecode.swift; path = Globals.swift; sourceTree = "<group>"; };
		36C131B729805B8E0076E476 /* AsyncMux.framework */ = {isa = PBXFileReference; explicitFileType = wrapper.framework; path = AsyncMux.framework; sourceTree = BUILT_PRODUCTS_DIR; };
		36F73231297AE6B00019807B /* AsyncMuxDemo.entitlements */ = {isa = PBXFileReference; lastKnownFileType = text.plist.entitlements; path = AsyncMuxDemo.entitlements; sourceTree = "<group>"; };
		36FB700C296A10F90006ACBA /* AsyncMuxDemo.app */ = {isa = PBXFileReference; explicitFileType = wrapper.application; includeInIndex = 0; path = AsyncMuxDemo.app; sourceTree = BUILT_PRODUCTS_DIR; };
		36FB700F296A10F90006ACBA /* AsyncMuxDemoApp.swift */ = {isa = PBXFileReference; lastKnownFileType = sourcecode.swift; path = AsyncMuxDemoApp.swift; sourceTree = "<group>"; };
		36FB7011296A10F90006ACBA /* ContentView.swift */ = {isa = PBXFileReference; lastKnownFileType = sourcecode.swift; path = ContentView.swift; sourceTree = "<group>"; };
		36FB7013296A10FB0006ACBA /* Assets.xcassets */ = {isa = PBXFileReference; lastKnownFileType = folder.assetcatalog; path = Assets.xcassets; sourceTree = "<group>"; };
		36FB7016296A10FB0006ACBA /* Preview Assets.xcassets */ = {isa = PBXFileReference; lastKnownFileType = folder.assetcatalog; path = "Preview Assets.xcassets"; sourceTree = "<group>"; };
		36FB701D296A12D20006ACBA /* URLRequestEx.swift */ = {isa = PBXFileReference; lastKnownFileType = sourcecode.swift; path = URLRequestEx.swift; sourceTree = "<group>"; };
		36FB701F296A14400006ACBA /* AppError.swift */ = {isa = PBXFileReference; lastKnownFileType = sourcecode.swift; path = AppError.swift; sourceTree = "<group>"; };
/* End PBXFileReference section */

/* Begin PBXFrameworksBuildPhase section */
		36FB7009296A10F90006ACBA /* Frameworks */ = {
			isa = PBXFrameworksBuildPhase;
			buildActionMask = 2147483647;
			files = (
				36C131B829805B8E0076E476 /* AsyncMux.framework in Frameworks */,
			);
			runOnlyForDeploymentPostprocessing = 0;
		};
/* End PBXFrameworksBuildPhase section */

/* Begin PBXGroup section */
		3697D0FA296B76C100FE3B76 /* Frameworks */ = {
			isa = PBXGroup;
			children = (
				36C131B729805B8E0076E476 /* AsyncMux.framework */,
			);
			name = Frameworks;
			sourceTree = "<group>";
		};
		36FB7003296A10F90006ACBA = {
			isa = PBXGroup;
			children = (
				36FB700E296A10F90006ACBA /* AsyncMuxDemo */,
				36FB700D296A10F90006ACBA /* Products */,
				3697D0FA296B76C100FE3B76 /* Frameworks */,
			);
			sourceTree = "<group>";
		};
		36FB700D296A10F90006ACBA /* Products */ = {
			isa = PBXGroup;
			children = (
				36FB700C296A10F90006ACBA /* AsyncMuxDemo.app */,
			);
			name = Products;
			sourceTree = "<group>";
		};
		36FB700E296A10F90006ACBA /* AsyncMuxDemo */ = {
			isa = PBXGroup;
			children = (
				3625CE1D296A283800D09A8F /* Globals.swift */,
				36FB701F296A14400006ACBA /* AppError.swift */,
				36FB701D296A12D20006ACBA /* URLRequestEx.swift */,
				360EBA4D296A2C10001EC729 /* WeatherAPI.swift */,
				360EBA55296A5388001EC729 /* ErrorAlert.swift */,
				360EBA57296A5C7E001EC729 /* ServerTask.swift */,
				36FB7011296A10F90006ACBA /* ContentView.swift */,
				36FB700F296A10F90006ACBA /* AsyncMuxDemoApp.swift */,
				36FB7013296A10FB0006ACBA /* Assets.xcassets */,
				36F73231297AE6B00019807B /* AsyncMuxDemo.entitlements */,
				360EBA4C296A2AA9001EC729 /* Info.plist */,
				36FB7015296A10FB0006ACBA /* Preview Content */,
			);
			path = AsyncMuxDemo;
			sourceTree = "<group>";
		};
		36FB7015296A10FB0006ACBA /* Preview Content */ = {
			isa = PBXGroup;
			children = (
				36FB7016296A10FB0006ACBA /* Preview Assets.xcassets */,
			);
			path = "Preview Content";
			sourceTree = "<group>";
		};
/* End PBXGroup section */

/* Begin PBXNativeTarget section */
		36FB700B296A10F90006ACBA /* AsyncMuxDemo */ = {
			isa = PBXNativeTarget;
			buildConfigurationList = 36FB701A296A10FB0006ACBA /* Build configuration list for PBXNativeTarget "AsyncMuxDemo" */;
			buildPhases = (
				36FB7008296A10F90006ACBA /* Sources */,
				36FB7009296A10F90006ACBA /* Frameworks */,
				36FB700A296A10F90006ACBA /* Resources */,
				36C131B629805B7C0076E476 /* Embed Frameworks */,
			);
			buildRules = (
			);
			dependencies = (
			);
			name = AsyncMuxDemo;
			packageProductDependencies = (
			);
			productName = AsyncMuxDemo;
			productReference = 36FB700C296A10F90006ACBA /* AsyncMuxDemo.app */;
			productType = "com.apple.product-type.application";
		};
/* End PBXNativeTarget section */

/* Begin PBXProject section */
		36FB7004296A10F90006ACBA /* Project object */ = {
			isa = PBXProject;
			attributes = {
				BuildIndependentTargetsInParallel = 1;
				LastSwiftUpdateCheck = 1410;
				LastUpgradeCheck = 1410;
				TargetAttributes = {
					36FB700B296A10F90006ACBA = {
						CreatedOnToolsVersion = 14.1;
					};
				};
			};
			buildConfigurationList = 36FB7007296A10F90006ACBA /* Build configuration list for PBXProject "AsyncMuxDemo" */;
			compatibilityVersion = "Xcode 14.0";
			developmentRegion = en;
			hasScannedForEncodings = 0;
			knownRegions = (
				en,
				Base,
			);
			mainGroup = 36FB7003296A10F90006ACBA;
			productRefGroup = 36FB700D296A10F90006ACBA /* Products */;
			projectDirPath = "";
			projectRoot = "";
			targets = (
				36FB700B296A10F90006ACBA /* AsyncMuxDemo */,
			);
		};
/* End PBXProject section */

/* Begin PBXResourcesBuildPhase section */
		36FB700A296A10F90006ACBA /* Resources */ = {
			isa = PBXResourcesBuildPhase;
			buildActionMask = 2147483647;
			files = (
				36FB7017296A10FB0006ACBA /* Preview Assets.xcassets in Resources */,
				36FB7014296A10FB0006ACBA /* Assets.xcassets in Resources */,
			);
			runOnlyForDeploymentPostprocessing = 0;
		};
/* End PBXResourcesBuildPhase section */

/* Begin PBXSourcesBuildPhase section */
		36FB7008296A10F90006ACBA /* Sources */ = {
			isa = PBXSourcesBuildPhase;
			buildActionMask = 2147483647;
			files = (
				36FB7020296A14400006ACBA /* AppError.swift in Sources */,
				36FB7012296A10F90006ACBA /* ContentView.swift in Sources */,
				360EBA56296A5388001EC729 /* ErrorAlert.swift in Sources */,
				36FB701E296A12D20006ACBA /* URLRequestEx.swift in Sources */,
				360EBA4E296A2C10001EC729 /* WeatherAPI.swift in Sources */,
				360EBA58296A5C7E001EC729 /* ServerTask.swift in Sources */,
				3625CE1E296A283800D09A8F /* Globals.swift in Sources */,
				36FB7010296A10F90006ACBA /* AsyncMuxDemoApp.swift in Sources */,
			);
			runOnlyForDeploymentPostprocessing = 0;
		};
/* End PBXSourcesBuildPhase section */

/* Begin XCBuildConfiguration section */
		36FB7018296A10FB0006ACBA /* Debug */ = {
			isa = XCBuildConfiguration;
			buildSettings = {
				ALWAYS_SEARCH_USER_PATHS = NO;
				CLANG_ANALYZER_NONNULL = YES;
				CLANG_ANALYZER_NUMBER_OBJECT_CONVERSION = YES_AGGRESSIVE;
				CLANG_CXX_LANGUAGE_STANDARD = "gnu++20";
				CLANG_ENABLE_MODULES = YES;
				CLANG_ENABLE_OBJC_ARC = YES;
				CLANG_ENABLE_OBJC_WEAK = YES;
				CLANG_WARN_BLOCK_CAPTURE_AUTORELEASING = YES;
				CLANG_WARN_BOOL_CONVERSION = YES;
				CLANG_WARN_COMMA = YES;
				CLANG_WARN_CONSTANT_CONVERSION = YES;
				CLANG_WARN_DEPRECATED_OBJC_IMPLEMENTATIONS = YES;
				CLANG_WARN_DIRECT_OBJC_ISA_USAGE = YES_ERROR;
				CLANG_WARN_DOCUMENTATION_COMMENTS = YES;
				CLANG_WARN_EMPTY_BODY = YES;
				CLANG_WARN_ENUM_CONVERSION = YES;
				CLANG_WARN_INFINITE_RECURSION = YES;
				CLANG_WARN_INT_CONVERSION = YES;
				CLANG_WARN_NON_LITERAL_NULL_CONVERSION = YES;
				CLANG_WARN_OBJC_IMPLICIT_RETAIN_SELF = YES;
				CLANG_WARN_OBJC_LITERAL_CONVERSION = YES;
				CLANG_WARN_OBJC_ROOT_CLASS = YES_ERROR;
				CLANG_WARN_QUOTED_INCLUDE_IN_FRAMEWORK_HEADER = YES;
				CLANG_WARN_RANGE_LOOP_ANALYSIS = YES;
				CLANG_WARN_STRICT_PROTOTYPES = YES;
				CLANG_WARN_SUSPICIOUS_MOVE = YES;
				CLANG_WARN_UNGUARDED_AVAILABILITY = YES_AGGRESSIVE;
				CLANG_WARN_UNREACHABLE_CODE = YES;
				CLANG_WARN__DUPLICATE_METHOD_MATCH = YES;
				COPY_PHASE_STRIP = NO;
				DEBUG_INFORMATION_FORMAT = dwarf;
				ENABLE_STRICT_OBJC_MSGSEND = YES;
				ENABLE_TESTABILITY = YES;
				GCC_C_LANGUAGE_STANDARD = gnu11;
				GCC_DYNAMIC_NO_PIC = NO;
				GCC_NO_COMMON_BLOCKS = YES;
				GCC_OPTIMIZATION_LEVEL = 0;
				GCC_PREPROCESSOR_DEFINITIONS = (
					"DEBUG=1",
					"$(inherited)",
				);
				GCC_WARN_64_TO_32_BIT_CONVERSION = YES;
				GCC_WARN_ABOUT_RETURN_TYPE = YES_ERROR;
				GCC_WARN_UNDECLARED_SELECTOR = YES;
				GCC_WARN_UNINITIALIZED_AUTOS = YES_AGGRESSIVE;
				GCC_WARN_UNUSED_FUNCTION = YES;
				GCC_WARN_UNUSED_VARIABLE = YES;
				IPHONEOS_DEPLOYMENT_TARGET = 15.0;
				MTL_ENABLE_DEBUG_INFO = INCLUDE_SOURCE;
				MTL_FAST_MATH = YES;
				ONLY_ACTIVE_ARCH = YES;
				SDKROOT = iphoneos;
				SWIFT_ACTIVE_COMPILATION_CONDITIONS = "DEBUG PRINT_REQUEST_URLS PRINT_JSON PRINT_JSON_ERRORS";
				SWIFT_OPTIMIZATION_LEVEL = "-Onone";
				SWIFT_STRICT_CONCURRENCY = complete;
			};
			name = Debug;
		};
		36FB7019296A10FB0006ACBA /* Release */ = {
			isa = XCBuildConfiguration;
			buildSettings = {
				ALWAYS_SEARCH_USER_PATHS = NO;
				CLANG_ANALYZER_NONNULL = YES;
				CLANG_ANALYZER_NUMBER_OBJECT_CONVERSION = YES_AGGRESSIVE;
				CLANG_CXX_LANGUAGE_STANDARD = "gnu++20";
				CLANG_ENABLE_MODULES = YES;
				CLANG_ENABLE_OBJC_ARC = YES;
				CLANG_ENABLE_OBJC_WEAK = YES;
				CLANG_WARN_BLOCK_CAPTURE_AUTORELEASING = YES;
				CLANG_WARN_BOOL_CONVERSION = YES;
				CLANG_WARN_COMMA = YES;
				CLANG_WARN_CONSTANT_CONVERSION = YES;
				CLANG_WARN_DEPRECATED_OBJC_IMPLEMENTATIONS = YES;
				CLANG_WARN_DIRECT_OBJC_ISA_USAGE = YES_ERROR;
				CLANG_WARN_DOCUMENTATION_COMMENTS = YES;
				CLANG_WARN_EMPTY_BODY = YES;
				CLANG_WARN_ENUM_CONVERSION = YES;
				CLANG_WARN_INFINITE_RECURSION = YES;
				CLANG_WARN_INT_CONVERSION = YES;
				CLANG_WARN_NON_LITERAL_NULL_CONVERSION = YES;
				CLANG_WARN_OBJC_IMPLICIT_RETAIN_SELF = YES;
				CLANG_WARN_OBJC_LITERAL_CONVERSION = YES;
				CLANG_WARN_OBJC_ROOT_CLASS = YES_ERROR;
				CLANG_WARN_QUOTED_INCLUDE_IN_FRAMEWORK_HEADER = YES;
				CLANG_WARN_RANGE_LOOP_ANALYSIS = YES;
				CLANG_WARN_STRICT_PROTOTYPES = YES;
				CLANG_WARN_SUSPICIOUS_MOVE = YES;
				CLANG_WARN_UNGUARDED_AVAILABILITY = YES_AGGRESSIVE;
				CLANG_WARN_UNREACHABLE_CODE = YES;
				CLANG_WARN__DUPLICATE_METHOD_MATCH = YES;
				COPY_PHASE_STRIP = NO;
				DEBUG_INFORMATION_FORMAT = "dwarf-with-dsym";
				ENABLE_NS_ASSERTIONS = NO;
				ENABLE_STRICT_OBJC_MSGSEND = YES;
				GCC_C_LANGUAGE_STANDARD = gnu11;
				GCC_NO_COMMON_BLOCKS = YES;
				GCC_WARN_64_TO_32_BIT_CONVERSION = YES;
				GCC_WARN_ABOUT_RETURN_TYPE = YES_ERROR;
				GCC_WARN_UNDECLARED_SELECTOR = YES;
				GCC_WARN_UNINITIALIZED_AUTOS = YES_AGGRESSIVE;
				GCC_WARN_UNUSED_FUNCTION = YES;
				GCC_WARN_UNUSED_VARIABLE = YES;
				IPHONEOS_DEPLOYMENT_TARGET = 15.0;
				MTL_ENABLE_DEBUG_INFO = NO;
				MTL_FAST_MATH = YES;
				SDKROOT = iphoneos;
				SWIFT_COMPILATION_MODE = wholemodule;
				SWIFT_OPTIMIZATION_LEVEL = "-O";
				SWIFT_STRICT_CONCURRENCY = complete;
				VALIDATE_PRODUCT = YES;
			};
			name = Release;
		};
		36FB701B296A10FB0006ACBA /* Debug */ = {
			isa = XCBuildConfiguration;
			buildSettings = {
				ASSETCATALOG_COMPILER_APPICON_NAME = AppIcon;
				ASSETCATALOG_COMPILER_GLOBAL_ACCENT_COLOR_NAME = AccentColor;
				CODE_SIGN_ENTITLEMENTS = AsyncMuxDemo/AsyncMuxDemo.entitlements;
				CODE_SIGN_STYLE = Automatic;
				CURRENT_PROJECT_VERSION = 1;
				DEVELOPMENT_ASSET_PATHS = "\"AsyncMuxDemo/Preview Content\"";
				DEVELOPMENT_TEAM = 639KEQWW6F;
				ENABLE_PREVIEWS = YES;
				GENERATE_INFOPLIST_FILE = YES;
				INFOPLIST_FILE = AsyncMuxDemo/Info.plist;
				INFOPLIST_KEY_UIApplicationSupportsIndirectInputEvents = YES;
				INFOPLIST_KEY_UILaunchScreen_Generation = YES;
				INFOPLIST_KEY_UISupportedInterfaceOrientations = "UIInterfaceOrientationLandscapeLeft UIInterfaceOrientationLandscapeRight UIInterfaceOrientationPortrait";
				INFOPLIST_KEY_UISupportedInterfaceOrientations_iPad = "UIInterfaceOrientationLandscapeLeft UIInterfaceOrientationLandscapeRight UIInterfaceOrientationPortrait UIInterfaceOrientationPortraitUpsideDown";
				IPHONEOS_DEPLOYMENT_TARGET = 16.0;
				LD_RUNPATH_SEARCH_PATHS = (
					"$(inherited)",
					"@executable_path/Frameworks",
				);
				MACOSX_DEPLOYMENT_TARGET = 13.0;
				MARKETING_VERSION = 1.0;
				PRODUCT_BUNDLE_IDENTIFIER = com.melikyan.AsyncMuxDemo;
				PRODUCT_NAME = "$(TARGET_NAME)";
				SUPPORTED_PLATFORMS = "iphoneos iphonesimulator macosx";
				SUPPORTS_MACCATALYST = YES;
				SUPPORTS_MAC_DESIGNED_FOR_IPHONE_IPAD = NO;
				SWIFT_EMIT_LOC_STRINGS = YES;
				SWIFT_VERSION = 5.0;
				TARGETED_DEVICE_FAMILY = "1,2";
			};
			name = Debug;
		};
		36FB701C296A10FB0006ACBA /* Release */ = {
			isa = XCBuildConfiguration;
			buildSettings = {
				ASSETCATALOG_COMPILER_APPICON_NAME = AppIcon;
				ASSETCATALOG_COMPILER_GLOBAL_ACCENT_COLOR_NAME = AccentColor;
				CODE_SIGN_ENTITLEMENTS = AsyncMuxDemo/AsyncMuxDemo.entitlements;
				CODE_SIGN_STYLE = Automatic;
				CURRENT_PROJECT_VERSION = 1;
				DEVELOPMENT_ASSET_PATHS = "\"AsyncMuxDemo/Preview Content\"";
				DEVELOPMENT_TEAM = 639KEQWW6F;
				ENABLE_PREVIEWS = YES;
				GENERATE_INFOPLIST_FILE = YES;
				INFOPLIST_FILE = AsyncMuxDemo/Info.plist;
				INFOPLIST_KEY_UIApplicationSupportsIndirectInputEvents = YES;
				INFOPLIST_KEY_UILaunchScreen_Generation = YES;
				INFOPLIST_KEY_UISupportedInterfaceOrientations = "UIInterfaceOrientationLandscapeLeft UIInterfaceOrientationLandscapeRight UIInterfaceOrientationPortrait";
				INFOPLIST_KEY_UISupportedInterfaceOrientations_iPad = "UIInterfaceOrientationLandscapeLeft UIInterfaceOrientationLandscapeRight UIInterfaceOrientationPortrait UIInterfaceOrientationPortraitUpsideDown";
				IPHONEOS_DEPLOYMENT_TARGET = 16.0;
				LD_RUNPATH_SEARCH_PATHS = (
					"$(inherited)",
					"@executable_path/Frameworks",
				);
				MACOSX_DEPLOYMENT_TARGET = 13.0;
				MARKETING_VERSION = 1.0;
				PRODUCT_BUNDLE_IDENTIFIER = com.melikyan.AsyncMuxDemo;
				PRODUCT_NAME = "$(TARGET_NAME)";
				SUPPORTED_PLATFORMS = "iphoneos iphonesimulator macosx";
				SUPPORTS_MACCATALYST = YES;
				SUPPORTS_MAC_DESIGNED_FOR_IPHONE_IPAD = NO;
				SWIFT_EMIT_LOC_STRINGS = YES;
				SWIFT_VERSION = 5.0;
				TARGETED_DEVICE_FAMILY = "1,2";
			};
			name = Release;
		};
/* End XCBuildConfiguration section */

/* Begin XCConfigurationList section */
		36FB7007296A10F90006ACBA /* Build configuration list for PBXProject "AsyncMuxDemo" */ = {
			isa = XCConfigurationList;
			buildConfigurations = (
				36FB7018296A10FB0006ACBA /* Debug */,
				36FB7019296A10FB0006ACBA /* Release */,
			);
			defaultConfigurationIsVisible = 0;
			defaultConfigurationName = Release;
		};
		36FB701A296A10FB0006ACBA /* Build configuration list for PBXNativeTarget "AsyncMuxDemo" */ = {
			isa = XCConfigurationList;
			buildConfigurations = (
				36FB701B296A10FB0006ACBA /* Debug */,
				36FB701C296A10FB0006ACBA /* Release */,
			);
			defaultConfigurationIsVisible = 0;
			defaultConfigurationName = Release;
		};
/* End XCConfigurationList section */
	};
	rootObject = 36FB7004296A10F90006ACBA /* Project object */;
}
